
Microsoft Visual Studio Solution File, Format Version 12.00
# Visual Studio Version 16
VisualStudioVersion = 16.0.30907.101
MinimumVisualStudioVersion = 10.0.40219.1
Project("{FAE04EC0-301F-11D3-BF4B-00C04F79EFBC}") = "listabrasil.UWP", "listabrasil\listabrasil.UWP\listabrasil.UWP.csproj", "{39AB0FB0-21DE-4A15-9E73-09802EC010D0}"
EndProject
Project("{FAE04EC0-301F-11D3-BF4B-00C04F79EFBC}") = "listabrasil.Android", "listabrasil\listabrasil.Android\listabrasil.Android.csproj", "{34827E73-92DC-4B36-AF5C-15171FBD12B2}"
EndProject
Project("{FAE04EC0-301F-11D3-BF4B-00C04F79EFBC}") = "listabrasil", "listabrasil\listabrasil\listabrasil.csproj", "{949ABAC5-37E5-4C83-9E7F-E0BEDEA29E65}"
EndProject
Global
	GlobalSection(SolutionConfigurationPlatforms) = preSolution
		Debug|Any CPU = Debug|Any CPU
		Debug|ARM = Debug|ARM
		Debug|x64 = Debug|x64
		Debug|x86 = Debug|x86
		Release|Any CPU = Release|Any CPU
		Release|ARM = Release|ARM
		Release|x64 = Release|x64
		Release|x86 = Release|x86
	EndGlobalSection
	GlobalSection(ProjectConfigurationPlatforms) = postSolution
		{39AB0FB0-21DE-4A15-9E73-09802EC010D0}.Debug|Any CPU.ActiveCfg = Debug|x86
		{39AB0FB0-21DE-4A15-9E73-09802EC010D0}.Debug|Any CPU.Build.0 = Debug|x86
		{39AB0FB0-21DE-4A15-9E73-09802EC010D0}.Debug|Any CPU.Deploy.0 = Debug|x86
		{39AB0FB0-21DE-4A15-9E73-09802EC010D0}.Debug|ARM.ActiveCfg = Debug|ARM
		{39AB0FB0-21DE-4A15-9E73-09802EC010D0}.Debug|ARM.Build.0 = Debug|ARM
		{39AB0FB0-21DE-4A15-9E73-09802EC010D0}.Debug|ARM.Deploy.0 = Debug|ARM
		{39AB0FB0-21DE-4A15-9E73-09802EC010D0}.Debug|x64.ActiveCfg = Debug|x64
		{39AB0FB0-21DE-4A15-9E73-09802EC010D0}.Debug|x64.Build.0 = Debug|x64
		{39AB0FB0-21DE-4A15-9E73-09802EC010D0}.Debug|x64.Deploy.0 = Debug|x64
		{39AB0FB0-21DE-4A15-9E73-09802EC010D0}.Debug|x86.ActiveCfg = Debug|x86
		{39AB0FB0-21DE-4A15-9E73-09802EC010D0}.Debug|x86.Build.0 = Debug|x86
		{39AB0FB0-21DE-4A15-9E73-09802EC010D0}.Debug|x86.Deploy.0 = Debug|x86
		{39AB0FB0-21DE-4A15-9E73-09802EC010D0}.Release|Any CPU.ActiveCfg = Release|x86
		{39AB0FB0-21DE-4A15-9E73-09802EC010D0}.Release|Any CPU.Build.0 = Release|x86
		{39AB0FB0-21DE-4A15-9E73-09802EC010D0}.Release|Any CPU.Deploy.0 = Release|x86
		{39AB0FB0-21DE-4A15-9E73-09802EC010D0}.Release|ARM.ActiveCfg = Release|ARM
		{39AB0FB0-21DE-4A15-9E73-09802EC010D0}.Release|ARM.Build.0 = Release|ARM
		{39AB0FB0-21DE-4A15-9E73-09802EC010D0}.Release|ARM.Deploy.0 = Release|ARM
		{39AB0FB0-21DE-4A15-9E73-09802EC010D0}.Release|x64.ActiveCfg = Release|x64
		{39AB0FB0-21DE-4A15-9E73-09802EC010D0}.Release|x64.Build.0 = Release|x64
		{39AB0FB0-21DE-4A15-9E73-09802EC010D0}.Release|x64.Deploy.0 = Release|x64
		{39AB0FB0-21DE-4A15-9E73-09802EC010D0}.Release|x86.ActiveCfg = Release|x86
		{39AB0FB0-21DE-4A15-9E73-09802EC010D0}.Release|x86.Build.0 = Release|x86
		{39AB0FB0-21DE-4A15-9E73-09802EC010D0}.Release|x86.Deploy.0 = Release|x86
		{34827E73-92DC-4B36-AF5C-15171FBD12B2}.Debug|Any CPU.ActiveCfg = Debug|Any CPU
		{34827E73-92DC-4B36-AF5C-15171FBD12B2}.Debug|Any CPU.Build.0 = Debug|Any CPU
		{34827E73-92DC-4B36-AF5C-15171FBD12B2}.Debug|Any CPU.Deploy.0 = Debug|Any CPU
		{34827E73-92DC-4B36-AF5C-15171FBD12B2}.Debug|ARM.ActiveCfg = Debug|Any CPU
		{34827E73-92DC-4B36-AF5C-15171FBD12B2}.Debug|ARM.Build.0 = Debug|Any CPU
		{34827E73-92DC-4B36-AF5C-15171FBD12B2}.Debug|ARM.Deploy.0 = Debug|Any CPU
		{34827E73-92DC-4B36-AF5C-15171FBD12B2}.Debug|x64.ActiveCfg = Debug|Any CPU
		{34827E73-92DC-4B36-AF5C-15171FBD12B2}.Debug|x64.Build.0 = Debug|Any CPU
		{34827E73-92DC-4B36-AF5C-15171FBD12B2}.Debug|x64.Deploy.0 = Debug|Any CPU
		{34827E73-92DC-4B36-AF5C-15171FBD12B2}.Debug|x86.ActiveCfg = Debug|Any CPU
		{34827E73-92DC-4B36-AF5C-15171FBD12B2}.Debug|x86.Build.0 = Debug|Any CPU
		{34827E73-92DC-4B36-AF5C-15171FBD12B2}.Debug|x86.Deploy.0 = Debug|Any CPU
		{34827E73-92DC-4B36-AF5C-15171FBD12B2}.Release|Any CPU.ActiveCfg = Release|Any CPU
		{34827E73-92DC-4B36-AF5C-15171FBD12B2}.Release|Any CPU.Build.0 = Release|Any CPU
		{34827E73-92DC-4B36-AF5C-15171FBD12B2}.Release|Any CPU.Deploy.0 = Release|Any CPU
		{34827E73-92DC-4B36-AF5C-15171FBD12B2}.Release|ARM.ActiveCfg = Release|Any CPU
		{34827E73-92DC-4B36-AF5C-15171FBD12B2}.Release|ARM.Build.0 = Release|Any CPU
		{34827E73-92DC-4B36-AF5C-15171FBD12B2}.Release|ARM.Deploy.0 = Release|Any CPU
		{34827E73-92DC-4B36-AF5C-15171FBD12B2}.Release|x64.ActiveCfg = Release|Any CPU
		{34827E73-92DC-4B36-AF5C-15171FBD12B2}.Release|x64.Build.0 = Release|Any CPU
		{34827E73-92DC-4B36-AF5C-15171FBD12B2}.Release|x64.Deploy.0 = Release|Any CPU
		{34827E73-92DC-4B36-AF5C-15171FBD12B2}.Release|x86.ActiveCfg = Release|Any CPU
		{34827E73-92DC-4B36-AF5C-15171FBD12B2}.Release|x86.Build.0 = Release|Any CPU
		{34827E73-92DC-4B36-AF5C-15171FBD12B2}.Release|x86.Deploy.0 = Release|Any CPU
		{949ABAC5-37E5-4C83-9E7F-E0BEDEA29E65}.Debug|Any CPU.ActiveCfg = Debug|Any CPU
		{949ABAC5-37E5-4C83-9E7F-E0BEDEA29E65}.Debug|Any CPU.Build.0 = Debug|Any CPU
		{949ABAC5-37E5-4C83-9E7F-E0BEDEA29E65}.Debug|Any CPU.Deploy.0 = Debug|Any CPU
		{949ABAC5-37E5-4C83-9E7F-E0BEDEA29E65}.Debug|ARM.ActiveCfg = Debug|Any CPU
		{949ABAC5-37E5-4C83-9E7F-E0BEDEA29E65}.Debug|ARM.Build.0 = Debug|Any CPU
		{949ABAC5-37E5-4C83-9E7F-E0BEDEA29E65}.Debug|ARM.Deploy.0 = Debug|Any CPU
		{949ABAC5-37E5-4C83-9E7F-E0BEDEA29E65}.Debug|x64.ActiveCfg = Debug|Any CPU
		{949ABAC5-37E5-4C83-9E7F-E0BEDEA29E65}.Debug|x64.Build.0 = Debug|Any CPU
		{949ABAC5-37E5-4C83-9E7F-E0BEDEA29E65}.Debug|x64.Deploy.0 = Debug|Any CPU
		{949ABAC5-37E5-4C83-9E7F-E0BEDEA29E65}.Debug|x86.ActiveCfg = Debug|Any CPU
		{949ABAC5-37E5-4C83-9E7F-E0BEDEA29E65}.Debug|x86.Build.0 = Debug|Any CPU
		{949ABAC5-37E5-4C83-9E7F-E0BEDEA29E65}.Debug|x86.Deploy.0 = Debug|Any CPU
		{949ABAC5-37E5-4C83-9E7F-E0BEDEA29E65}.Release|Any CPU.ActiveCfg = Release|Any CPU
		{949ABAC5-37E5-4C83-9E7F-E0BEDEA29E65}.Release|Any CPU.Build.0 = Release|Any CPU
		{949ABAC5-37E5-4C83-9E7F-E0BEDEA29E65}.Release|Any CPU.Deploy.0 = Release|Any CPU
		{949ABAC5-37E5-4C83-9E7F-E0BEDEA29E65}.Release|ARM.ActiveCfg = Release|Any CPU
		{949ABAC5-37E5-4C83-9E7F-E0BEDEA29E65}.Release|ARM.Build.0 = Release|Any CPU
		{949ABAC5-37E5-4C83-9E7F-E0BEDEA29E65}.Release|ARM.Deploy.0 = Release|Any CPU
		{949ABAC5-37E5-4C83-9E7F-E0BEDEA29E65}.Release|x64.ActiveCfg = Release|Any CPU
		{949ABAC5-37E5-4C83-9E7F-E0BEDEA29E65}.Release|x64.Build.0 = Release|Any CPU
		{949ABAC5-37E5-4C83-9E7F-E0BEDEA29E65}.Release|x64.Deploy.0 = Release|Any CPU
		{949ABAC5-37E5-4C83-9E7F-E0BEDEA29E65}.Release|x86.ActiveCfg = Release|Any CPU
		{949ABAC5-37E5-4C83-9E7F-E0BEDEA29E65}.Release|x86.Build.0 = Release|Any CPU
		{949ABAC5-37E5-4C83-9E7F-E0BEDEA29E65}.Release|x86.Deploy.0 = Release|Any CPU
	EndGlobalSection
	GlobalSection(SolutionProperties) = preSolution
		HideSolutionNode = FALSE
	EndGlobalSection
	GlobalSection(ExtensibilityGlobals) = postSolution
		SolutionGuid = {39B17BA8-15A1-4609-8B01-4C82B86E3F0E}
	EndGlobalSection
EndGlobal
